
Microsoft Visual Studio Solution File, Format Version 11.00
# Visual Studio 2010
Project("{8BC9CEB8-8B4A-11D0-8D11-00A0C91BC942}") = "vstest", "vstest\vstest.vcxproj", "{874C0C8D-8ED5-4B58-8408-191790DC408B}"
EndProject
Global
	GlobalSection(SolutionConfigurationPlatforms) = preSolution
		Debug|Win32 = Debug|Win32
		Release|Win32 = Release|Win32
	EndGlobalSection
	GlobalSection(ProjectConfigurationPlatforms) = postSolution
		{874C0C8D-8ED5-4B58-8408-191790DC408B}.Debug|Win32.ActiveCfg = Debug|Win32
		{874C0C8D-8ED5-4B58-8408-191790DC408B}.Debug|Win32.Build.0 = Debug|Win32
		{874C0C8D-8ED5-4B58-8408-191790DC408B}.Release|Win32.ActiveCfg = Release|Win32
		{874C0C8D-8ED5-4B58-8408-191790DC408B}.Release|Win32.Build.0 = Release|Win32
	EndGlobalSection
	GlobalSection(SolutionProperties) = preSolution
		HideSolutionNode = FALSE
	EndGlobalSection
EndGlobal
